// !$*UTF8*$!
{
	archiveVersion = 1;
	classes = {
	};
	objectVersion = 50;
	objects = {

/* Begin PBXBuildFile section */
		4A60037D265E4982000A06DD /* PersistentContainer.swift in Sources */ = {isa = PBXBuildFile; fileRef = 4A60037C265E4982000A06DD /* PersistentContainer.swift */; };
		4A600388265E5AFC000A06DD /* Questionnaire+CoreDataClass.swift in Sources */ = {isa = PBXBuildFile; fileRef = 4A600386265E5AFC000A06DD /* Questionnaire+CoreDataClass.swift */; };
		4A600389265E5AFC000A06DD /* Questionnaire+CoreDataProperties.swift in Sources */ = {isa = PBXBuildFile; fileRef = 4A600387265E5AFC000A06DD /* Questionnaire+CoreDataProperties.swift */; };
		4A60038D265E612D000A06DD /* myDataModel.xcdatamodeld in Sources */ = {isa = PBXBuildFile; fileRef = 4A60038B265E612C000A06DD /* myDataModel.xcdatamodeld */; };
		4A60038F265E7ADC000A06DD /* PrivacyPolicy.swift in Sources */ = {isa = PBXBuildFile; fileRef = 4A60038E265E7ADC000A06DD /* PrivacyPolicy.swift */; };
		4A600391265E804B000A06DD /* GeneralViewController.swift in Sources */ = {isa = PBXBuildFile; fileRef = 4A600390265E804B000A06DD /* GeneralViewController.swift */; };
		4A600393265E867D000A06DD /* CloudKit.framework in Frameworks */ = {isa = PBXBuildFile; fileRef = 4A600392265E867D000A06DD /* CloudKit.framework */; };
		4A600396265EA108000A06DD /* SetNotificationViewController.swift in Sources */ = {isa = PBXBuildFile; fileRef = 4A600395265EA108000A06DD /* SetNotificationViewController.swift */; };
		4A600398265EA3EC000A06DD /* EndQuizViewController.swift in Sources */ = {isa = PBXBuildFile; fileRef = 4A600397265EA3EC000A06DD /* EndQuizViewController.swift */; };
		4A762C8A265A5A4500283634 /* AppDelegate.swift in Sources */ = {isa = PBXBuildFile; fileRef = 4A762C89265A5A4500283634 /* AppDelegate.swift */; };
		4A762C8C265A5A4500283634 /* SceneDelegate.swift in Sources */ = {isa = PBXBuildFile; fileRef = 4A762C8B265A5A4500283634 /* SceneDelegate.swift */; };
		4A762C96265A5A4800283634 /* Assets.xcassets in Resources */ = {isa = PBXBuildFile; fileRef = 4A762C95265A5A4800283634 /* Assets.xcassets */; };
		4A762C99265A5A4800283634 /* LaunchScreen.storyboard in Resources */ = {isa = PBXBuildFile; fileRef = 4A762C97265A5A4800283634 /* LaunchScreen.storyboard */; };
		4A762CA2265A62FF00283634 /* OnboardingPageViewController.swift in Sources */ = {isa = PBXBuildFile; fileRef = 4A762CA1265A62FF00283634 /* OnboardingPageViewController.swift */; };
		4A762CA5265A661900283634 /* OnboardingContentViewController.swift in Sources */ = {isa = PBXBuildFile; fileRef = 4A762CA4265A661900283634 /* OnboardingContentViewController.swift */; };
		4A762CA8265A667000283634 /* OnboardingViewController.swift in Sources */ = {isa = PBXBuildFile; fileRef = 4A762CA7265A667000283634 /* OnboardingViewController.swift */; };
		4A762CBB265A93F600283634 /* StartViewController.swift in Sources */ = {isa = PBXBuildFile; fileRef = 4A762CBA265A93F600283634 /* StartViewController.swift */; };
		4A762CBE265A943E00283634 /* HomeViewController.swift in Sources */ = {isa = PBXBuildFile; fileRef = 4A762CBD265A943E00283634 /* HomeViewController.swift */; };
		4A762CC5265A9D9D00283634 /* Home.storyboard in Resources */ = {isa = PBXBuildFile; fileRef = 4A762CC4265A9D9D00283634 /* Home.storyboard */; };
		4A762CDA265A9FE600283634 /* Survey.swift in Sources */ = {isa = PBXBuildFile; fileRef = 4A762CD9265A9FE600283634 /* Survey.swift */; };
		4A762D1F265AD5E100283634 /* Main.storyboard in Resources */ = {isa = PBXBuildFile; fileRef = 4A762D1E265AD5E100283634 /* Main.storyboard */; };
		4A762D22265AFEC900283634 /* Montserrat-Bold-700.ttf in Resources */ = {isa = PBXBuildFile; fileRef = 4A762D20265AFEC900283634 /* Montserrat-Bold-700.ttf */; };
		4A762D23265AFEC900283634 /* Montserrat-Regular-400.ttf in Resources */ = {isa = PBXBuildFile; fileRef = 4A762D21265AFEC900283634 /* Montserrat-Regular-400.ttf */; };
		4A762D29265BA0DE00283634 /* UIColor.swift in Sources */ = {isa = PBXBuildFile; fileRef = 4A762D28265BA0DE00283634 /* UIColor.swift */; };
		4A762D2B265BA1E600283634 /* UIFont.swift in Sources */ = {isa = PBXBuildFile; fileRef = 4A762D2A265BA1E600283634 /* UIFont.swift */; };
		4A762D2D265BB90500283634 /* HealthKit.framework in Frameworks */ = {isa = PBXBuildFile; fileRef = 4A762D2C265BB90500283634 /* HealthKit.framework */; };
		4A762D30265BBA3600283634 /* HealthKitSetupAssistant.swift in Sources */ = {isa = PBXBuildFile; fileRef = 4A762D2F265BBA3600283634 /* HealthKitSetupAssistant.swift */; };
		4A762D33265BC88C00283634 /* TImeQuestionViewController.swift in Sources */ = {isa = PBXBuildFile; fileRef = 4A762D32265BC88C00283634 /* TImeQuestionViewController.swift */; };
		4A762D35265BE01900283634 /* QuizPageViewController.swift in Sources */ = {isa = PBXBuildFile; fileRef = 4A762D34265BE01900283634 /* QuizPageViewController.swift */; };
		4A762D37265BE04600283634 /* QuizViewController.swift in Sources */ = {isa = PBXBuildFile; fileRef = 4A762D36265BE04600283634 /* QuizViewController.swift */; };
		4A762D3A265C2AA800283634 /* BoolQuestionViewController.swift in Sources */ = {isa = PBXBuildFile; fileRef = 4A762D39265C2AA800283634 /* BoolQuestionViewController.swift */; };
		4A762D3C265C2ACA00283634 /* ScaleQuestionViewController.swift in Sources */ = {isa = PBXBuildFile; fileRef = 4A762D3B265C2ACA00283634 /* ScaleQuestionViewController.swift */; };
		4A762D3E265C2CC700283634 /* QuizContentViewController.swift in Sources */ = {isa = PBXBuildFile; fileRef = 4A762D3D265C2CC700283634 /* QuizContentViewController.swift */; };
/* End PBXBuildFile section */

/* Begin PBXContainerItemProxy section */
		4A60039E265ECBE4000A06DD /* PBXContainerItemProxy */ = {
			isa = PBXContainerItemProxy;
			containerPortal = 4A600399265ECBE3000A06DD /* Charts.xcodeproj */;
			proxyType = 2;
			remoteGlobalIDString = 65AD9E95D9ED4DC0BD73A743;
			remoteInfo = Charts;
		};
		4A6003A0265ECBE4000A06DD /* PBXContainerItemProxy */ = {
			isa = PBXContainerItemProxy;
			containerPortal = 4A600399265ECBE3000A06DD /* Charts.xcodeproj */;
			proxyType = 2;
			remoteGlobalIDString = 1CBBC58C6CE1EBEE9852CE41;
			remoteInfo = ChartsTests;
		};
/* End PBXContainerItemProxy section */

/* Begin PBXCopyFilesBuildPhase section */
		4A762CD8265A9ED600283634 /* Embed Frameworks */ = {
			isa = PBXCopyFilesBuildPhase;
			buildActionMask = 2147483647;
			dstPath = "";
			dstSubfolderSpec = 10;
			files = (
			);
			name = "Embed Frameworks";
			runOnlyForDeploymentPostprocessing = 0;
		};
/* End PBXCopyFilesBuildPhase section */

/* Begin PBXFileReference section */
		4A60037C265E4982000A06DD /* PersistentContainer.swift */ = {isa = PBXFileReference; lastKnownFileType = sourcecode.swift; path = PersistentContainer.swift; sourceTree = "<group>"; };
		4A600386265E5AFC000A06DD /* Questionnaire+CoreDataClass.swift */ = {isa = PBXFileReference; lastKnownFileType = sourcecode.swift; path = "Questionnaire+CoreDataClass.swift"; sourceTree = SOURCE_ROOT; };
		4A600387265E5AFC000A06DD /* Questionnaire+CoreDataProperties.swift */ = {isa = PBXFileReference; lastKnownFileType = sourcecode.swift; path = "Questionnaire+CoreDataProperties.swift"; sourceTree = SOURCE_ROOT; };
		4A60038C265E612C000A06DD /* myDataModel.xcdatamodel */ = {isa = PBXFileReference; lastKnownFileType = wrapper.xcdatamodel; path = myDataModel.xcdatamodel; sourceTree = "<group>"; };
		4A60038E265E7ADC000A06DD /* PrivacyPolicy.swift */ = {isa = PBXFileReference; lastKnownFileType = sourcecode.swift; path = PrivacyPolicy.swift; sourceTree = "<group>"; };
		4A600390265E804B000A06DD /* GeneralViewController.swift */ = {isa = PBXFileReference; lastKnownFileType = sourcecode.swift; path = GeneralViewController.swift; sourceTree = "<group>"; };
		4A600392265E867D000A06DD /* CloudKit.framework */ = {isa = PBXFileReference; lastKnownFileType = wrapper.framework; name = CloudKit.framework; path = System/Library/Frameworks/CloudKit.framework; sourceTree = SDKROOT; };
		4A600395265EA108000A06DD /* SetNotificationViewController.swift */ = {isa = PBXFileReference; lastKnownFileType = sourcecode.swift; path = SetNotificationViewController.swift; sourceTree = "<group>"; };
		4A600397265EA3EC000A06DD /* EndQuizViewController.swift */ = {isa = PBXFileReference; lastKnownFileType = sourcecode.swift; path = EndQuizViewController.swift; sourceTree = "<group>"; };
		4A600399265ECBE3000A06DD /* Charts.xcodeproj */ = {isa = PBXFileReference; lastKnownFileType = "wrapper.pb-project"; name = Charts.xcodeproj; path = "../../../../Downloads/Charts-master/Charts.xcodeproj"; sourceTree = "<group>"; };
		4A762C86265A5A4500283634 /* clog.app */ = {isa = PBXFileReference; explicitFileType = wrapper.application; includeInIndex = 0; path = clog.app; sourceTree = BUILT_PRODUCTS_DIR; };
		4A762C89265A5A4500283634 /* AppDelegate.swift */ = {isa = PBXFileReference; lastKnownFileType = sourcecode.swift; path = AppDelegate.swift; sourceTree = "<group>"; };
		4A762C8B265A5A4500283634 /* SceneDelegate.swift */ = {isa = PBXFileReference; lastKnownFileType = sourcecode.swift; path = SceneDelegate.swift; sourceTree = "<group>"; };
		4A762C95265A5A4800283634 /* Assets.xcassets */ = {isa = PBXFileReference; lastKnownFileType = folder.assetcatalog; path = Assets.xcassets; sourceTree = "<group>"; };
		4A762C98265A5A4800283634 /* Base */ = {isa = PBXFileReference; lastKnownFileType = file.storyboard; name = Base; path = Base.lproj/LaunchScreen.storyboard; sourceTree = "<group>"; };
		4A762C9A265A5A4800283634 /* Info.plist */ = {isa = PBXFileReference; lastKnownFileType = text.plist.xml; path = Info.plist; sourceTree = "<group>"; };
		4A762CA1265A62FF00283634 /* OnboardingPageViewController.swift */ = {isa = PBXFileReference; lastKnownFileType = sourcecode.swift; path = OnboardingPageViewController.swift; sourceTree = "<group>"; };
		4A762CA4265A661900283634 /* OnboardingContentViewController.swift */ = {isa = PBXFileReference; lastKnownFileType = sourcecode.swift; path = OnboardingContentViewController.swift; sourceTree = "<group>"; };
		4A762CA7265A667000283634 /* OnboardingViewController.swift */ = {isa = PBXFileReference; lastKnownFileType = sourcecode.swift; path = OnboardingViewController.swift; sourceTree = "<group>"; };
		4A762CBA265A93F600283634 /* StartViewController.swift */ = {isa = PBXFileReference; lastKnownFileType = sourcecode.swift; path = StartViewController.swift; sourceTree = "<group>"; };
		4A762CBD265A943E00283634 /* HomeViewController.swift */ = {isa = PBXFileReference; lastKnownFileType = sourcecode.swift; path = HomeViewController.swift; sourceTree = "<group>"; };
		4A762CC4265A9D9D00283634 /* Home.storyboard */ = {isa = PBXFileReference; lastKnownFileType = file.storyboard; path = Home.storyboard; sourceTree = "<group>"; };
		4A762CD9265A9FE600283634 /* Survey.swift */ = {isa = PBXFileReference; lastKnownFileType = sourcecode.swift; path = Survey.swift; sourceTree = "<group>"; };
		4A762D1E265AD5E100283634 /* Main.storyboard */ = {isa = PBXFileReference; fileEncoding = 4; lastKnownFileType = file.storyboard; path = Main.storyboard; sourceTree = "<group>"; };
		4A762D20265AFEC900283634 /* Montserrat-Bold-700.ttf */ = {isa = PBXFileReference; lastKnownFileType = file; path = "Montserrat-Bold-700.ttf"; sourceTree = "<group>"; };
		4A762D21265AFEC900283634 /* Montserrat-Regular-400.ttf */ = {isa = PBXFileReference; lastKnownFileType = file; path = "Montserrat-Regular-400.ttf"; sourceTree = "<group>"; };
		4A762D28265BA0DE00283634 /* UIColor.swift */ = {isa = PBXFileReference; lastKnownFileType = sourcecode.swift; path = UIColor.swift; sourceTree = "<group>"; };
		4A762D2A265BA1E600283634 /* UIFont.swift */ = {isa = PBXFileReference; lastKnownFileType = sourcecode.swift; path = UIFont.swift; sourceTree = "<group>"; };
		4A762D2C265BB90500283634 /* HealthKit.framework */ = {isa = PBXFileReference; lastKnownFileType = wrapper.framework; name = HealthKit.framework; path = System/Library/Frameworks/HealthKit.framework; sourceTree = SDKROOT; };
		4A762D2F265BBA3600283634 /* HealthKitSetupAssistant.swift */ = {isa = PBXFileReference; lastKnownFileType = sourcecode.swift; path = HealthKitSetupAssistant.swift; sourceTree = "<group>"; };
		4A762D32265BC88C00283634 /* TImeQuestionViewController.swift */ = {isa = PBXFileReference; lastKnownFileType = sourcecode.swift; path = TImeQuestionViewController.swift; sourceTree = "<group>"; };
		4A762D34265BE01900283634 /* QuizPageViewController.swift */ = {isa = PBXFileReference; lastKnownFileType = sourcecode.swift; path = QuizPageViewController.swift; sourceTree = "<group>"; };
		4A762D36265BE04600283634 /* QuizViewController.swift */ = {isa = PBXFileReference; lastKnownFileType = sourcecode.swift; path = QuizViewController.swift; sourceTree = "<group>"; };
		4A762D39265C2AA800283634 /* BoolQuestionViewController.swift */ = {isa = PBXFileReference; lastKnownFileType = sourcecode.swift; path = BoolQuestionViewController.swift; sourceTree = "<group>"; };
		4A762D3B265C2ACA00283634 /* ScaleQuestionViewController.swift */ = {isa = PBXFileReference; lastKnownFileType = sourcecode.swift; path = ScaleQuestionViewController.swift; sourceTree = "<group>"; };
		4A762D3D265C2CC700283634 /* QuizContentViewController.swift */ = {isa = PBXFileReference; lastKnownFileType = sourcecode.swift; path = QuizContentViewController.swift; sourceTree = "<group>"; };
		4A762D3F265CFD4D00283634 /* clog.entitlements */ = {isa = PBXFileReference; lastKnownFileType = text.plist.entitlements; path = clog.entitlements; sourceTree = "<group>"; };
/* End PBXFileReference section */

/* Begin PBXFrameworksBuildPhase section */
		4A762C83265A5A4500283634 /* Frameworks */ = {
			isa = PBXFrameworksBuildPhase;
			buildActionMask = 2147483647;
			files = (
				4A762D2D265BB90500283634 /* HealthKit.framework in Frameworks */,
				4A600393265E867D000A06DD /* CloudKit.framework in Frameworks */,
			);
			runOnlyForDeploymentPostprocessing = 0;
		};
/* End PBXFrameworksBuildPhase section */

/* Begin PBXGroup section */
		4A60039A265ECBE3000A06DD /* Products */ = {
			isa = PBXGroup;
			children = (
				4A60039F265ECBE4000A06DD /* Charts.framework */,
				4A6003A1265ECBE4000A06DD /* ChartsTests.xctest */,
			);
			name = Products;
			sourceTree = "<group>";
		};
		4A762C7D265A5A4500283634 = {
			isa = PBXGroup;
			children = (
				4A600399265ECBE3000A06DD /* Charts.xcodeproj */,
				4A762D27265BA0CB00283634 /* helpers */,
				4A762D24265AFF0500283634 /* fonts */,
				4A762C88265A5A4500283634 /* clog */,
				4A762C87265A5A4500283634 /* Products */,
				4A762CD5265A9ED600283634 /* Frameworks */,
			);
			sourceTree = "<group>";
		};
		4A762C87265A5A4500283634 /* Products */ = {
			isa = PBXGroup;
			children = (
				4A762C86265A5A4500283634 /* clog.app */,
			);
			name = Products;
			sourceTree = "<group>";
		};
		4A762C88265A5A4500283634 /* clog */ = {
			isa = PBXGroup;
			children = (
				4A600386265E5AFC000A06DD /* Questionnaire+CoreDataClass.swift */,
				4A600387265E5AFC000A06DD /* Questionnaire+CoreDataProperties.swift */,
				4A762D3F265CFD4D00283634 /* clog.entitlements */,
				4A60038E265E7ADC000A06DD /* PrivacyPolicy.swift */,
				4A600390265E804B000A06DD /* GeneralViewController.swift */,
				4A762C89265A5A4500283634 /* AppDelegate.swift */,
				4A762D2F265BBA3600283634 /* HealthKitSetupAssistant.swift */,
				4A762C8B265A5A4500283634 /* SceneDelegate.swift */,
				4A762CBA265A93F600283634 /* StartViewController.swift */,
				4A762D2E265BBA0700283634 /* Onboarding */,
				4A762CBD265A943E00283634 /* HomeViewController.swift */,
				4A762CD9265A9FE600283634 /* Survey.swift */,
				4A762C95265A5A4800283634 /* Assets.xcassets */,
				4A762C97265A5A4800283634 /* LaunchScreen.storyboard */,
				4A60038B265E612C000A06DD /* myDataModel.xcdatamodeld */,
				4A762D1E265AD5E100283634 /* Main.storyboard */,
				4A762CC4265A9D9D00283634 /* Home.storyboard */,
				4A762C9A265A5A4800283634 /* Info.plist */,
				4A762D38265BE06800283634 /* Quiz */,
			);
			path = clog;
			sourceTree = "<group>";
		};
		4A762CD5265A9ED600283634 /* Frameworks */ = {
			isa = PBXGroup;
			children = (
				4A600392265E867D000A06DD /* CloudKit.framework */,
				4A762D2C265BB90500283634 /* HealthKit.framework */,
			);
			name = Frameworks;
			sourceTree = "<group>";
		};
		4A762D24265AFF0500283634 /* fonts */ = {
			isa = PBXGroup;
			children = (
				4A762D21265AFEC900283634 /* Montserrat-Regular-400.ttf */,
				4A762D20265AFEC900283634 /* Montserrat-Bold-700.ttf */,
			);
			path = fonts;
			sourceTree = "<group>";
		};
		4A762D27265BA0CB00283634 /* helpers */ = {
			isa = PBXGroup;
			children = (
				4A762D28265BA0DE00283634 /* UIColor.swift */,
				4A60037C265E4982000A06DD /* PersistentContainer.swift */,
				4A762D2A265BA1E600283634 /* UIFont.swift */,
			);
			path = helpers;
			sourceTree = "<group>";
		};
		4A762D2E265BBA0700283634 /* Onboarding */ = {
			isa = PBXGroup;
			children = (
				4A762CA7265A667000283634 /* OnboardingViewController.swift */,
				4A600395265EA108000A06DD /* SetNotificationViewController.swift */,
				4A762CA1265A62FF00283634 /* OnboardingPageViewController.swift */,
				4A762CA4265A661900283634 /* OnboardingContentViewController.swift */,
			);
			path = Onboarding;
			sourceTree = "<group>";
		};
		4A762D38265BE06800283634 /* Quiz */ = {
			isa = PBXGroup;
			children = (
				4A762D36265BE04600283634 /* QuizViewController.swift */,
				4A600397265EA3EC000A06DD /* EndQuizViewController.swift */,
				4A762D3B265C2ACA00283634 /* ScaleQuestionViewController.swift */,
				4A762D39265C2AA800283634 /* BoolQuestionViewController.swift */,
				4A762D34265BE01900283634 /* QuizPageViewController.swift */,
				4A762D3D265C2CC700283634 /* QuizContentViewController.swift */,
				4A762D32265BC88C00283634 /* TImeQuestionViewController.swift */,
			);
			path = Quiz;
			sourceTree = "<group>";
		};
/* End PBXGroup section */

/* Begin PBXNativeTarget section */
		4A762C85265A5A4500283634 /* clog */ = {
			isa = PBXNativeTarget;
			buildConfigurationList = 4A762C9D265A5A4800283634 /* Build configuration list for PBXNativeTarget "clog" */;
			buildPhases = (
				4A762C82265A5A4500283634 /* Sources */,
				4A762C83265A5A4500283634 /* Frameworks */,
				4A762C84265A5A4500283634 /* Resources */,
				4A762CD8265A9ED600283634 /* Embed Frameworks */,
			);
			buildRules = (
			);
			dependencies = (
			);
			name = clog;
			productName = clog;
			productReference = 4A762C86265A5A4500283634 /* clog.app */;
			productType = "com.apple.product-type.application";
		};
/* End PBXNativeTarget section */

/* Begin PBXProject section */
		4A762C7E265A5A4500283634 /* Project object */ = {
			isa = PBXProject;
			attributes = {
				LastSwiftUpdateCheck = 1240;
				LastUpgradeCheck = 1240;
				TargetAttributes = {
					4A762C85265A5A4500283634 = {
						CreatedOnToolsVersion = 12.4;
					};
				};
			};
			buildConfigurationList = 4A762C81265A5A4500283634 /* Build configuration list for PBXProject "clog" */;
			compatibilityVersion = "Xcode 9.3";
			developmentRegion = en;
			hasScannedForEncodings = 0;
			knownRegions = (
				en,
				Base,
			);
			mainGroup = 4A762C7D265A5A4500283634;
			productRefGroup = 4A762C87265A5A4500283634 /* Products */;
			projectDirPath = "";
			projectReferences = (
				{
					ProductGroup = 4A60039A265ECBE3000A06DD /* Products */;
					ProjectRef = 4A600399265ECBE3000A06DD /* Charts.xcodeproj */;
				},
			);
			projectRoot = "";
			targets = (
				4A762C85265A5A4500283634 /* clog */,
			);
		};
/* End PBXProject section */

/* Begin PBXReferenceProxy section */
		4A60039F265ECBE4000A06DD /* Charts.framework */ = {
			isa = PBXReferenceProxy;
			fileType = wrapper.framework;
			path = Charts.framework;
			remoteRef = 4A60039E265ECBE4000A06DD /* PBXContainerItemProxy */;
			sourceTree = BUILT_PRODUCTS_DIR;
		};
		4A6003A1265ECBE4000A06DD /* ChartsTests.xctest */ = {
			isa = PBXReferenceProxy;
			fileType = wrapper.cfbundle;
			path = ChartsTests.xctest;
			remoteRef = 4A6003A0265ECBE4000A06DD /* PBXContainerItemProxy */;
			sourceTree = BUILT_PRODUCTS_DIR;
		};
/* End PBXReferenceProxy section */

/* Begin PBXResourcesBuildPhase section */
		4A762C84265A5A4500283634 /* Resources */ = {
			isa = PBXResourcesBuildPhase;
			buildActionMask = 2147483647;
			files = (
				4A762D1F265AD5E100283634 /* Main.storyboard in Resources */,
				4A762C99265A5A4800283634 /* LaunchScreen.storyboard in Resources */,
				4A762D22265AFEC900283634 /* Montserrat-Bold-700.ttf in Resources */,
				4A762D23265AFEC900283634 /* Montserrat-Regular-400.ttf in Resources */,
				4A762C96265A5A4800283634 /* Assets.xcassets in Resources */,
				4A762CC5265A9D9D00283634 /* Home.storyboard in Resources */,
			);
			runOnlyForDeploymentPostprocessing = 0;
		};
/* End PBXResourcesBuildPhase section */

/* Begin PBXSourcesBuildPhase section */
		4A762C82265A5A4500283634 /* Sources */ = {
			isa = PBXSourcesBuildPhase;
			buildActionMask = 2147483647;
			files = (
				4A762CDA265A9FE600283634 /* Survey.swift in Sources */,
				4A762CA5265A661900283634 /* OnboardingContentViewController.swift in Sources */,
				4A762CBB265A93F600283634 /* StartViewController.swift in Sources */,
				4A60037D265E4982000A06DD /* PersistentContainer.swift in Sources */,
				4A762C8A265A5A4500283634 /* AppDelegate.swift in Sources */,
				4A762D33265BC88C00283634 /* TImeQuestionViewController.swift in Sources */,
				4A762CBE265A943E00283634 /* HomeViewController.swift in Sources */,
				4A762D37265BE04600283634 /* QuizViewController.swift in Sources */,
				4A600396265EA108000A06DD /* SetNotificationViewController.swift in Sources */,
				4A762D35265BE01900283634 /* QuizPageViewController.swift in Sources */,
				4A762CA2265A62FF00283634 /* OnboardingPageViewController.swift in Sources */,
				4A60038F265E7ADC000A06DD /* PrivacyPolicy.swift in Sources */,
				4A762D2B265BA1E600283634 /* UIFont.swift in Sources */,
				4A600389265E5AFC000A06DD /* Questionnaire+CoreDataProperties.swift in Sources */,
				4A762D3C265C2ACA00283634 /* ScaleQuestionViewController.swift in Sources */,
				4A762CA8265A667000283634 /* OnboardingViewController.swift in Sources */,
				4A600398265EA3EC000A06DD /* EndQuizViewController.swift in Sources */,
				4A600388265E5AFC000A06DD /* Questionnaire+CoreDataClass.swift in Sources */,
				4A762D3A265C2AA800283634 /* BoolQuestionViewController.swift in Sources */,
				4A762D30265BBA3600283634 /* HealthKitSetupAssistant.swift in Sources */,
				4A762C8C265A5A4500283634 /* SceneDelegate.swift in Sources */,
				4A60038D265E612D000A06DD /* myDataModel.xcdatamodeld in Sources */,
				4A762D29265BA0DE00283634 /* UIColor.swift in Sources */,
				4A762D3E265C2CC700283634 /* QuizContentViewController.swift in Sources */,
				4A600391265E804B000A06DD /* GeneralViewController.swift in Sources */,
			);
			runOnlyForDeploymentPostprocessing = 0;
		};
/* End PBXSourcesBuildPhase section */

/* Begin PBXVariantGroup section */
		4A762C97265A5A4800283634 /* LaunchScreen.storyboard */ = {
			isa = PBXVariantGroup;
			children = (
				4A762C98265A5A4800283634 /* Base */,
			);
			name = LaunchScreen.storyboard;
			sourceTree = "<group>";
		};
/* End PBXVariantGroup section */

/* Begin XCBuildConfiguration section */
		4A762C9B265A5A4800283634 /* Debug */ = {
			isa = XCBuildConfiguration;
			buildSettings = {
				ALWAYS_SEARCH_USER_PATHS = NO;
				CLANG_ANALYZER_NONNULL = YES;
				CLANG_ANALYZER_NUMBER_OBJECT_CONVERSION = YES_AGGRESSIVE;
				CLANG_CXX_LANGUAGE_STANDARD = "gnu++14";
				CLANG_CXX_LIBRARY = "libc++";
				CLANG_ENABLE_MODULES = YES;
				CLANG_ENABLE_OBJC_ARC = YES;
				CLANG_ENABLE_OBJC_WEAK = YES;
				CLANG_WARN_BLOCK_CAPTURE_AUTORELEASING = YES;
				CLANG_WARN_BOOL_CONVERSION = YES;
				CLANG_WARN_COMMA = YES;
				CLANG_WARN_CONSTANT_CONVERSION = YES;
				CLANG_WARN_DEPRECATED_OBJC_IMPLEMENTATIONS = YES;
				CLANG_WARN_DIRECT_OBJC_ISA_USAGE = YES_ERROR;
				CLANG_WARN_DOCUMENTATION_COMMENTS = YES;
				CLANG_WARN_EMPTY_BODY = YES;
				CLANG_WARN_ENUM_CONVERSION = YES;
				CLANG_WARN_INFINITE_RECURSION = YES;
				CLANG_WARN_INT_CONVERSION = YES;
				CLANG_WARN_NON_LITERAL_NULL_CONVERSION = YES;
				CLANG_WARN_OBJC_IMPLICIT_RETAIN_SELF = YES;
				CLANG_WARN_OBJC_LITERAL_CONVERSION = YES;
				CLANG_WARN_OBJC_ROOT_CLASS = YES_ERROR;
				CLANG_WARN_QUOTED_INCLUDE_IN_FRAMEWORK_HEADER = YES;
				CLANG_WARN_RANGE_LOOP_ANALYSIS = YES;
				CLANG_WARN_STRICT_PROTOTYPES = YES;
				CLANG_WARN_SUSPICIOUS_MOVE = YES;
				CLANG_WARN_UNGUARDED_AVAILABILITY = YES_AGGRESSIVE;
				CLANG_WARN_UNREACHABLE_CODE = YES;
				CLANG_WARN__DUPLICATE_METHOD_MATCH = YES;
				COPY_PHASE_STRIP = NO;
				DEBUG_INFORMATION_FORMAT = dwarf;
				ENABLE_STRICT_OBJC_MSGSEND = YES;
				ENABLE_TESTABILITY = YES;
				GCC_C_LANGUAGE_STANDARD = gnu11;
				GCC_DYNAMIC_NO_PIC = NO;
				GCC_NO_COMMON_BLOCKS = YES;
				GCC_OPTIMIZATION_LEVEL = 0;
				GCC_PREPROCESSOR_DEFINITIONS = (
					"DEBUG=1",
					"$(inherited)",
				);
				GCC_WARN_64_TO_32_BIT_CONVERSION = YES;
				GCC_WARN_ABOUT_RETURN_TYPE = YES_ERROR;
				GCC_WARN_UNDECLARED_SELECTOR = YES;
				GCC_WARN_UNINITIALIZED_AUTOS = YES_AGGRESSIVE;
				GCC_WARN_UNUSED_FUNCTION = YES;
				GCC_WARN_UNUSED_VARIABLE = YES;
				IPHONEOS_DEPLOYMENT_TARGET = 14.4;
				MTL_ENABLE_DEBUG_INFO = INCLUDE_SOURCE;
				MTL_FAST_MATH = YES;
				ONLY_ACTIVE_ARCH = YES;
				SDKROOT = iphoneos;
				SWIFT_ACTIVE_COMPILATION_CONDITIONS = DEBUG;
				SWIFT_OPTIMIZATION_LEVEL = "-Onone";
			};
			name = Debug;
		};
		4A762C9C265A5A4800283634 /* Release */ = {
			isa = XCBuildConfiguration;
			buildSettings = {
				ALWAYS_SEARCH_USER_PATHS = NO;
				CLANG_ANALYZER_NONNULL = YES;
				CLANG_ANALYZER_NUMBER_OBJECT_CONVERSION = YES_AGGRESSIVE;
				CLANG_CXX_LANGUAGE_STANDARD = "gnu++14";
				CLANG_CXX_LIBRARY = "libc++";
				CLANG_ENABLE_MODULES = YES;
				CLANG_ENABLE_OBJC_ARC = YES;
				CLANG_ENABLE_OBJC_WEAK = YES;
				CLANG_WARN_BLOCK_CAPTURE_AUTORELEASING = YES;
				CLANG_WARN_BOOL_CONVERSION = YES;
				CLANG_WARN_COMMA = YES;
				CLANG_WARN_CONSTANT_CONVERSION = YES;
				CLANG_WARN_DEPRECATED_OBJC_IMPLEMENTATIONS = YES;
				CLANG_WARN_DIRECT_OBJC_ISA_USAGE = YES_ERROR;
				CLANG_WARN_DOCUMENTATION_COMMENTS = YES;
				CLANG_WARN_EMPTY_BODY = YES;
				CLANG_WARN_ENUM_CONVERSION = YES;
				CLANG_WARN_INFINITE_RECURSION = YES;
				CLANG_WARN_INT_CONVERSION = YES;
				CLANG_WARN_NON_LITERAL_NULL_CONVERSION = YES;
				CLANG_WARN_OBJC_IMPLICIT_RETAIN_SELF = YES;
				CLANG_WARN_OBJC_LITERAL_CONVERSION = YES;
				CLANG_WARN_OBJC_ROOT_CLASS = YES_ERROR;
				CLANG_WARN_QUOTED_INCLUDE_IN_FRAMEWORK_HEADER = YES;
				CLANG_WARN_RANGE_LOOP_ANALYSIS = YES;
				CLANG_WARN_STRICT_PROTOTYPES = YES;
				CLANG_WARN_SUSPICIOUS_MOVE = YES;
				CLANG_WARN_UNGUARDED_AVAILABILITY = YES_AGGRESSIVE;
				CLANG_WARN_UNREACHABLE_CODE = YES;
				CLANG_WARN__DUPLICATE_METHOD_MATCH = YES;
				COPY_PHASE_STRIP = NO;
				DEBUG_INFORMATION_FORMAT = "dwarf-with-dsym";
				ENABLE_NS_ASSERTIONS = NO;
				ENABLE_STRICT_OBJC_MSGSEND = YES;
				GCC_C_LANGUAGE_STANDARD = gnu11;
				GCC_NO_COMMON_BLOCKS = YES;
				GCC_WARN_64_TO_32_BIT_CONVERSION = YES;
				GCC_WARN_ABOUT_RETURN_TYPE = YES_ERROR;
				GCC_WARN_UNDECLARED_SELECTOR = YES;
				GCC_WARN_UNINITIALIZED_AUTOS = YES_AGGRESSIVE;
				GCC_WARN_UNUSED_FUNCTION = YES;
				GCC_WARN_UNUSED_VARIABLE = YES;
				IPHONEOS_DEPLOYMENT_TARGET = 14.4;
				MTL_ENABLE_DEBUG_INFO = NO;
				MTL_FAST_MATH = YES;
				SDKROOT = iphoneos;
				SWIFT_COMPILATION_MODE = wholemodule;
				SWIFT_OPTIMIZATION_LEVEL = "-O";
				VALIDATE_PRODUCT = YES;
			};
			name = Release;
		};
		4A762C9E265A5A4800283634 /* Debug */ = {
			isa = XCBuildConfiguration;
			buildSettings = {
				ASSETCATALOG_COMPILER_APPICON_NAME = AppIcon;
				ASSETCATALOG_COMPILER_GLOBAL_ACCENT_COLOR_NAME = AccentColor;
				CODE_SIGN_ENTITLEMENTS = clog/clog.entitlements;
				CODE_SIGN_STYLE = Automatic;
				DEVELOPMENT_TEAM = BRJCNA7ZH7;
				INFOPLIST_FILE = clog/Info.plist;
				LD_RUNPATH_SEARCH_PATHS = (
					"$(inherited)",
					"@executable_path/Frameworks",
				);
				PRODUCT_BUNDLE_IDENTIFIER = com.thesis.clog;
				PRODUCT_NAME = "$(TARGET_NAME)";
				SWIFT_VERSION = 5.0;
				TARGETED_DEVICE_FAMILY = "1,2";
			};
			name = Debug;
		};
		4A762C9F265A5A4800283634 /* Release */ = {
			isa = XCBuildConfiguration;
			buildSettings = {
				ASSETCATALOG_COMPILER_APPICON_NAME = AppIcon;
				ASSETCATALOG_COMPILER_GLOBAL_ACCENT_COLOR_NAME = AccentColor;
				CODE_SIGN_ENTITLEMENTS = clog/clog.entitlements;
				CODE_SIGN_STYLE = Automatic;
				DEVELOPMENT_TEAM = BRJCNA7ZH7;
				INFOPLIST_FILE = clog/Info.plist;
				LD_RUNPATH_SEARCH_PATHS = (
					"$(inherited)",
					"@executable_path/Frameworks",
				);
				PRODUCT_BUNDLE_IDENTIFIER = com.thesis.clog;
				PRODUCT_NAME = "$(TARGET_NAME)";
				SWIFT_VERSION = 5.0;
				TARGETED_DEVICE_FAMILY = "1,2";
			};
			name = Release;
		};
/* End XCBuildConfiguration section */

/* Begin XCConfigurationList section */
		4A762C81265A5A4500283634 /* Build configuration list for PBXProject "clog" */ = {
			isa = XCConfigurationList;
			buildConfigurations = (
				4A762C9B265A5A4800283634 /* Debug */,
				4A762C9C265A5A4800283634 /* Release */,
			);
			defaultConfigurationIsVisible = 0;
			defaultConfigurationName = Release;
		};
		4A762C9D265A5A4800283634 /* Build configuration list for PBXNativeTarget "clog" */ = {
			isa = XCConfigurationList;
			buildConfigurations = (
				4A762C9E265A5A4800283634 /* Debug */,
				4A762C9F265A5A4800283634 /* Release */,
			);
			defaultConfigurationIsVisible = 0;
			defaultConfigurationName = Release;
		};
/* End XCConfigurationList section */

/* Begin XCVersionGroup section */
		4A60038B265E612C000A06DD /* myDataModel.xcdatamodeld */ = {
			isa = XCVersionGroup;
			children = (
				4A60038C265E612C000A06DD /* myDataModel.xcdatamodel */,
			);
			currentVersion = 4A60038C265E612C000A06DD /* myDataModel.xcdatamodel */;
			path = myDataModel.xcdatamodeld;
			sourceTree = "<group>";
			versionGroupType = wrapper.xcdatamodel;
		};
/* End XCVersionGroup section */
	};
	rootObject = 4A762C7E265A5A4500283634 /* Project object */;
}
